// !$*UTF8*$!
{
	archiveVersion = 1;
	classes = {
	};
	objectVersion = 46;
	objects = {

/* Begin PBXBuildFile section */
		680B09DC3B0D0AF4D8CDA9D3 /* Pods_ExampleViewController.framework in Frameworks */ = {isa = PBXBuildFile; fileRef = A6BDA6C7CBD1FDDED7FAF645 /* Pods_ExampleViewController.framework */; };
		DB19E3B91F144B0B0056307A /* AppDelegate.swift in Sources */ = {isa = PBXBuildFile; fileRef = DB19E3B81F144B0B0056307A /* AppDelegate.swift */; };
		DB19E3BB1F144B0B0056307A /* ViewController.swift in Sources */ = {isa = PBXBuildFile; fileRef = DB19E3BA1F144B0B0056307A /* ViewController.swift */; };
		DB19E3C01F144B0B0056307A /* Assets.xcassets in Resources */ = {isa = PBXBuildFile; fileRef = DB19E3BF1F144B0B0056307A /* Assets.xcassets */; };
		DB19E3C31F144B0B0056307A /* LaunchScreen.storyboard in Resources */ = {isa = PBXBuildFile; fileRef = DB19E3C11F144B0B0056307A /* LaunchScreen.storyboard */; };
		DB19E3CE1F144B0C0056307A /* ExampleViewControllerTests.swift in Sources */ = {isa = PBXBuildFile; fileRef = DB19E3CD1F144B0C0056307A /* ExampleViewControllerTests.swift */; };
		DB19E3D91F144B0C0056307A /* ExampleViewControllerUITests.swift in Sources */ = {isa = PBXBuildFile; fileRef = DB19E3D81F144B0C0056307A /* ExampleViewControllerUITests.swift */; };
		DB19E3E71F144B3E0056307A /* DetailVC.swift in Sources */ = {isa = PBXBuildFile; fileRef = DB19E3E61F144B3E0056307A /* DetailVC.swift */; };
		DB307A5E1FC0B71E00B238CC /* StageTransition.framework in Frameworks */ = {isa = PBXBuildFile; fileRef = DB307A5B1FC0B71300B238CC /* StageTransition.framework */; };
		DB307A5F1FC0B71E00B238CC /* StageTransition.framework in Embed Frameworks */ = {isa = PBXBuildFile; fileRef = DB307A5B1FC0B71300B238CC /* StageTransition.framework */; settings = {ATTRIBUTES = (CodeSignOnCopy, RemoveHeadersOnCopy, ); }; };
		DB307A6E1FC0CBF800B238CC /* close-button.png in Resources */ = {isa = PBXBuildFile; fileRef = DB307A6B1FC0CBF800B238CC /* close-button.png */; };
		DB307A6F1FC0CBF800B238CC /* stage.jpg in Resources */ = {isa = PBXBuildFile; fileRef = DB307A6C1FC0CBF800B238CC /* stage.jpg */; };
		DB307A701FC0CBF800B238CC /* band7.jpg in Resources */ = {isa = PBXBuildFile; fileRef = DB307A6D1FC0CBF800B238CC /* band7.jpg */; };
/* End PBXBuildFile section */

/* Begin PBXContainerItemProxy section */
		DB19E3CA1F144B0C0056307A /* PBXContainerItemProxy */ = {
			isa = PBXContainerItemProxy;
			containerPortal = DB19E3AD1F144B0B0056307A /* Project object */;
			proxyType = 1;
			remoteGlobalIDString = DB19E3B41F144B0B0056307A;
			remoteInfo = ExampleViewController;
		};
		DB19E3D51F144B0C0056307A /* PBXContainerItemProxy */ = {
			isa = PBXContainerItemProxy;
			containerPortal = DB19E3AD1F144B0B0056307A /* Project object */;
			proxyType = 1;
			remoteGlobalIDString = DB19E3B41F144B0B0056307A;
			remoteInfo = ExampleViewController;
		};
		DB307A5A1FC0B71300B238CC /* PBXContainerItemProxy */ = {
			isa = PBXContainerItemProxy;
			containerPortal = DB307A551FC0B71300B238CC /* StageTransition.xcodeproj */;
			proxyType = 2;
			remoteGlobalIDString = DBA94B711FC0AF3100308D83;
			remoteInfo = StageTransition;
		};
		DB307A5C1FC0B71300B238CC /* PBXContainerItemProxy */ = {
			isa = PBXContainerItemProxy;
			containerPortal = DB307A551FC0B71300B238CC /* StageTransition.xcodeproj */;
			proxyType = 2;
			remoteGlobalIDString = DBA94B7A1FC0AF3100308D83;
			remoteInfo = StageTransitionTests;
		};
		DB307A601FC0B71E00B238CC /* PBXContainerItemProxy */ = {
			isa = PBXContainerItemProxy;
			containerPortal = DB307A551FC0B71300B238CC /* StageTransition.xcodeproj */;
			proxyType = 1;
			remoteGlobalIDString = DBA94B701FC0AF3100308D83;
			remoteInfo = StageTransition;
		};
/* End PBXContainerItemProxy section */

/* Begin PBXCopyFilesBuildPhase section */
		DB307A541FC0B5C300B238CC /* Embed Frameworks */ = {
			isa = PBXCopyFilesBuildPhase;
			buildActionMask = 2147483647;
			dstPath = "";
			dstSubfolderSpec = 10;
			files = (
				DB307A5F1FC0B71E00B238CC /* StageTransition.framework in Embed Frameworks */,
			);
			name = "Embed Frameworks";
			runOnlyForDeploymentPostprocessing = 0;
		};
/* End PBXCopyFilesBuildPhase section */

/* Begin PBXFileReference section */
		A6BDA6C7CBD1FDDED7FAF645 /* Pods_ExampleViewController.framework */ = {isa = PBXFileReference; explicitFileType = wrapper.framework; includeInIndex = 0; path = Pods_ExampleViewController.framework; sourceTree = BUILT_PRODUCTS_DIR; };
		ABC7D87AF722E30408AA7433 /* Pods-ExampleViewController.release.xcconfig */ = {isa = PBXFileReference; includeInIndex = 1; lastKnownFileType = text.xcconfig; name = "Pods-ExampleViewController.release.xcconfig"; path = "Pods/Target Support Files/Pods-ExampleViewController/Pods-ExampleViewController.release.xcconfig"; sourceTree = "<group>"; };
		CF3AF95EAEF0854F2E943C6E /* Pods-ExampleViewController.debug.xcconfig */ = {isa = PBXFileReference; includeInIndex = 1; lastKnownFileType = text.xcconfig; name = "Pods-ExampleViewController.debug.xcconfig"; path = "Pods/Target Support Files/Pods-ExampleViewController/Pods-ExampleViewController.debug.xcconfig"; sourceTree = "<group>"; };
		DB19E3B51F144B0B0056307A /* ExampleViewController.app */ = {isa = PBXFileReference; explicitFileType = wrapper.application; includeInIndex = 0; path = ExampleViewController.app; sourceTree = BUILT_PRODUCTS_DIR; };
		DB19E3B81F144B0B0056307A /* AppDelegate.swift */ = {isa = PBXFileReference; lastKnownFileType = sourcecode.swift; path = AppDelegate.swift; sourceTree = "<group>"; };
		DB19E3BA1F144B0B0056307A /* ViewController.swift */ = {isa = PBXFileReference; lastKnownFileType = sourcecode.swift; path = ViewController.swift; sourceTree = "<group>"; };
		DB19E3BF1F144B0B0056307A /* Assets.xcassets */ = {isa = PBXFileReference; lastKnownFileType = folder.assetcatalog; path = Assets.xcassets; sourceTree = "<group>"; };
		DB19E3C21F144B0B0056307A /* Base */ = {isa = PBXFileReference; lastKnownFileType = file.storyboard; name = Base; path = Base.lproj/LaunchScreen.storyboard; sourceTree = "<group>"; };
		DB19E3C41F144B0B0056307A /* Info.plist */ = {isa = PBXFileReference; lastKnownFileType = text.plist.xml; path = Info.plist; sourceTree = "<group>"; };
		DB19E3C91F144B0C0056307A /* ExampleViewControllerTests.xctest */ = {isa = PBXFileReference; explicitFileType = wrapper.cfbundle; includeInIndex = 0; path = ExampleViewControllerTests.xctest; sourceTree = BUILT_PRODUCTS_DIR; };
		DB19E3CD1F144B0C0056307A /* ExampleViewControllerTests.swift */ = {isa = PBXFileReference; lastKnownFileType = sourcecode.swift; path = ExampleViewControllerTests.swift; sourceTree = "<group>"; };
		DB19E3CF1F144B0C0056307A /* Info.plist */ = {isa = PBXFileReference; lastKnownFileType = text.plist.xml; path = Info.plist; sourceTree = "<group>"; };
		DB19E3D41F144B0C0056307A /* ExampleViewControllerUITests.xctest */ = {isa = PBXFileReference; explicitFileType = wrapper.cfbundle; includeInIndex = 0; path = ExampleViewControllerUITests.xctest; sourceTree = BUILT_PRODUCTS_DIR; };
		DB19E3D81F144B0C0056307A /* ExampleViewControllerUITests.swift */ = {isa = PBXFileReference; lastKnownFileType = sourcecode.swift; path = ExampleViewControllerUITests.swift; sourceTree = "<group>"; };
		DB19E3DA1F144B0C0056307A /* Info.plist */ = {isa = PBXFileReference; lastKnownFileType = text.plist.xml; path = Info.plist; sourceTree = "<group>"; };
		DB19E3E61F144B3E0056307A /* DetailVC.swift */ = {isa = PBXFileReference; fileEncoding = 4; lastKnownFileType = sourcecode.swift; path = DetailVC.swift; sourceTree = "<group>"; };
		DB307A551FC0B71300B238CC /* StageTransition.xcodeproj */ = {isa = PBXFileReference; lastKnownFileType = "wrapper.pb-project"; name = StageTransition.xcodeproj; path = ../StageTransition/StageTransition.xcodeproj; sourceTree = "<group>"; };
		DB307A6B1FC0CBF800B238CC /* close-button.png */ = {isa = PBXFileReference; lastKnownFileType = image.png; path = "close-button.png"; sourceTree = "<group>"; };
		DB307A6C1FC0CBF800B238CC /* stage.jpg */ = {isa = PBXFileReference; lastKnownFileType = image.jpeg; path = stage.jpg; sourceTree = "<group>"; };
		DB307A6D1FC0CBF800B238CC /* band7.jpg */ = {isa = PBXFileReference; lastKnownFileType = image.jpeg; path = band7.jpg; sourceTree = "<group>"; };
/* End PBXFileReference section */

/* Begin PBXFrameworksBuildPhase section */
		DB19E3B21F144B0B0056307A /* Frameworks */ = {
			isa = PBXFrameworksBuildPhase;
			buildActionMask = 2147483647;
			files = (
				DB307A5E1FC0B71E00B238CC /* StageTransition.framework in Frameworks */,
				680B09DC3B0D0AF4D8CDA9D3 /* Pods_ExampleViewController.framework in Frameworks */,
			);
			runOnlyForDeploymentPostprocessing = 0;
		};
		DB19E3C61F144B0C0056307A /* Frameworks */ = {
			isa = PBXFrameworksBuildPhase;
			buildActionMask = 2147483647;
			files = (
			);
			runOnlyForDeploymentPostprocessing = 0;
		};
		DB19E3D11F144B0C0056307A /* Frameworks */ = {
			isa = PBXFrameworksBuildPhase;
			buildActionMask = 2147483647;
			files = (
			);
			runOnlyForDeploymentPostprocessing = 0;
		};
/* End PBXFrameworksBuildPhase section */

/* Begin PBXGroup section */
		CA1CB5AAB286CDE234CBFAE3 /* Pods */ = {
			isa = PBXGroup;
			children = (
				CF3AF95EAEF0854F2E943C6E /* Pods-ExampleViewController.debug.xcconfig */,
				ABC7D87AF722E30408AA7433 /* Pods-ExampleViewController.release.xcconfig */,
			);
			name = Pods;
			sourceTree = "<group>";
		};
		DB19E3AC1F144B0B0056307A = {
			isa = PBXGroup;
			children = (
				DB307A551FC0B71300B238CC /* StageTransition.xcodeproj */,
				DB19E3B71F144B0B0056307A /* ExampleViewController */,
				DB19E3CC1F144B0C0056307A /* ExampleViewControllerTests */,
				DB19E3D71F144B0C0056307A /* ExampleViewControllerUITests */,
				DB19E3B61F144B0B0056307A /* Products */,
				CA1CB5AAB286CDE234CBFAE3 /* Pods */,
				F4342760E5440878FF7AF047 /* Frameworks */,
			);
			sourceTree = "<group>";
		};
		DB19E3B61F144B0B0056307A /* Products */ = {
			isa = PBXGroup;
			children = (
				DB19E3B51F144B0B0056307A /* ExampleViewController.app */,
				DB19E3C91F144B0C0056307A /* ExampleViewControllerTests.xctest */,
				DB19E3D41F144B0C0056307A /* ExampleViewControllerUITests.xctest */,
			);
			name = Products;
			sourceTree = "<group>";
		};
		DB19E3B71F144B0B0056307A /* ExampleViewController */ = {
			isa = PBXGroup;
			children = (
				DB73C6B51F20560200A71852 /* Helpers */,
				DB19E3BA1F144B0B0056307A /* ViewController.swift */,
				DB19E3B81F144B0B0056307A /* AppDelegate.swift */,
				DB19E3E61F144B3E0056307A /* DetailVC.swift */,
			);
			path = ExampleViewController;
			sourceTree = "<group>";
		};
		DB19E3CC1F144B0C0056307A /* ExampleViewControllerTests */ = {
			isa = PBXGroup;
			children = (
				DB19E3CD1F144B0C0056307A /* ExampleViewControllerTests.swift */,
				DB19E3CF1F144B0C0056307A /* Info.plist */,
			);
			path = ExampleViewControllerTests;
			sourceTree = "<group>";
		};
		DB19E3D71F144B0C0056307A /* ExampleViewControllerUITests */ = {
			isa = PBXGroup;
			children = (
				DB19E3D81F144B0C0056307A /* ExampleViewControllerUITests.swift */,
				DB19E3DA1F144B0C0056307A /* Info.plist */,
			);
			path = ExampleViewControllerUITests;
			sourceTree = "<group>";
		};
		DB307A561FC0B71300B238CC /* Products */ = {
			isa = PBXGroup;
			children = (
				DB307A5B1FC0B71300B238CC /* StageTransition.framework */,
				DB307A5D1FC0B71300B238CC /* StageTransitionTests.xctest */,
			);
			name = Products;
			sourceTree = "<group>";
		};
		DB73C6B51F20560200A71852 /* Helpers */ = {
			isa = PBXGroup;
			children = (
				DB307A6B1FC0CBF800B238CC /* close-button.png */,
				DB307A6C1FC0CBF800B238CC /* stage.jpg */,
				DB307A6D1FC0CBF800B238CC /* band7.jpg */,
				DB19E3BF1F144B0B0056307A /* Assets.xcassets */,
				DB19E3C11F144B0B0056307A /* LaunchScreen.storyboard */,
				DB19E3C41F144B0B0056307A /* Info.plist */,
			);
			name = Helpers;
			sourceTree = "<group>";
		};
		F4342760E5440878FF7AF047 /* Frameworks */ = {
			isa = PBXGroup;
			children = (
				A6BDA6C7CBD1FDDED7FAF645 /* Pods_ExampleViewController.framework */,
			);
			name = Frameworks;
			sourceTree = "<group>";
		};
/* End PBXGroup section */

/* Begin PBXNativeTarget section */
		DB19E3B41F144B0B0056307A /* ExampleViewController */ = {
			isa = PBXNativeTarget;
			buildConfigurationList = DB19E3DD1F144B0C0056307A /* Build configuration list for PBXNativeTarget "ExampleViewController" */;
			buildPhases = (
				866E4823C32467E8EE41711F /* [CP] Check Pods Manifest.lock */,
				DB19E3B11F144B0B0056307A /* Sources */,
				DB19E3B21F144B0B0056307A /* Frameworks */,
				DB19E3B31F144B0B0056307A /* Resources */,
				F0B506AC0794F42007EDAD98 /* [CP] Embed Pods Frameworks */,
				8EE2327CFA86D4131871BBC1 /* [CP] Copy Pods Resources */,
				DB307A541FC0B5C300B238CC /* Embed Frameworks */,
			);
			buildRules = (
			);
			dependencies = (
				DB307A611FC0B71E00B238CC /* PBXTargetDependency */,
			);
			name = ExampleViewController;
			productName = ExampleViewController;
			productReference = DB19E3B51F144B0B0056307A /* ExampleViewController.app */;
			productType = "com.apple.product-type.application";
		};
		DB19E3C81F144B0C0056307A /* ExampleViewControllerTests */ = {
			isa = PBXNativeTarget;
			buildConfigurationList = DB19E3E01F144B0C0056307A /* Build configuration list for PBXNativeTarget "ExampleViewControllerTests" */;
			buildPhases = (
				DB19E3C51F144B0C0056307A /* Sources */,
				DB19E3C61F144B0C0056307A /* Frameworks */,
				DB19E3C71F144B0C0056307A /* Resources */,
			);
			buildRules = (
			);
			dependencies = (
				DB19E3CB1F144B0C0056307A /* PBXTargetDependency */,
			);
			name = ExampleViewControllerTests;
			productName = ExampleViewControllerTests;
			productReference = DB19E3C91F144B0C0056307A /* ExampleViewControllerTests.xctest */;
			productType = "com.apple.product-type.bundle.unit-test";
		};
		DB19E3D31F144B0C0056307A /* ExampleViewControllerUITests */ = {
			isa = PBXNativeTarget;
			buildConfigurationList = DB19E3E31F144B0C0056307A /* Build configuration list for PBXNativeTarget "ExampleViewControllerUITests" */;
			buildPhases = (
				DB19E3D01F144B0C0056307A /* Sources */,
				DB19E3D11F144B0C0056307A /* Frameworks */,
				DB19E3D21F144B0C0056307A /* Resources */,
			);
			buildRules = (
			);
			dependencies = (
				DB19E3D61F144B0C0056307A /* PBXTargetDependency */,
			);
			name = ExampleViewControllerUITests;
			productName = ExampleViewControllerUITests;
			productReference = DB19E3D41F144B0C0056307A /* ExampleViewControllerUITests.xctest */;
			productType = "com.apple.product-type.bundle.ui-testing";
		};
/* End PBXNativeTarget section */

/* Begin PBXProject section */
		DB19E3AD1F144B0B0056307A /* Project object */ = {
			isa = PBXProject;
			attributes = {
				LastSwiftUpdateCheck = 0830;
				LastUpgradeCheck = 0830;
				ORGANIZATIONNAME = twil;
				TargetAttributes = {
					DB19E3B41F144B0B0056307A = {
						CreatedOnToolsVersion = 8.3.3;
						DevelopmentTeam = T8F23BFN6Q;
						ProvisioningStyle = Automatic;
					};
					DB19E3C81F144B0C0056307A = {
						CreatedOnToolsVersion = 8.3.3;
						DevelopmentTeam = T8F23BFN6Q;
						ProvisioningStyle = Automatic;
						TestTargetID = DB19E3B41F144B0B0056307A;
					};
					DB19E3D31F144B0C0056307A = {
						CreatedOnToolsVersion = 8.3.3;
						DevelopmentTeam = T8F23BFN6Q;
						ProvisioningStyle = Automatic;
						TestTargetID = DB19E3B41F144B0B0056307A;
					};
				};
			};
			buildConfigurationList = DB19E3B01F144B0B0056307A /* Build configuration list for PBXProject "ExampleViewController" */;
			compatibilityVersion = "Xcode 3.2";
			developmentRegion = English;
			hasScannedForEncodings = 0;
			knownRegions = (
				en,
				Base,
			);
			mainGroup = DB19E3AC1F144B0B0056307A;
			productRefGroup = DB19E3B61F144B0B0056307A /* Products */;
			projectDirPath = "";
			projectReferences = (
				{
					ProductGroup = DB307A561FC0B71300B238CC /* Products */;
					ProjectRef = DB307A551FC0B71300B238CC /* StageTransition.xcodeproj */;
				},
			);
			projectRoot = "";
			targets = (
				DB19E3B41F144B0B0056307A /* ExampleViewController */,
				DB19E3C81F144B0C0056307A /* ExampleViewControllerTests */,
				DB19E3D31F144B0C0056307A /* ExampleViewControllerUITests */,
			);
		};
/* End PBXProject section */

/* Begin PBXReferenceProxy section */
		DB307A5B1FC0B71300B238CC /* StageTransition.framework */ = {
			isa = PBXReferenceProxy;
			fileType = wrapper.framework;
			path = StageTransition.framework;
			remoteRef = DB307A5A1FC0B71300B238CC /* PBXContainerItemProxy */;
			sourceTree = BUILT_PRODUCTS_DIR;
		};
		DB307A5D1FC0B71300B238CC /* StageTransitionTests.xctest */ = {
			isa = PBXReferenceProxy;
			fileType = wrapper.cfbundle;
			path = StageTransitionTests.xctest;
			remoteRef = DB307A5C1FC0B71300B238CC /* PBXContainerItemProxy */;
			sourceTree = BUILT_PRODUCTS_DIR;
		};
/* End PBXReferenceProxy section */

/* Begin PBXResourcesBuildPhase section */
		DB19E3B31F144B0B0056307A /* Resources */ = {
			isa = PBXResourcesBuildPhase;
			buildActionMask = 2147483647;
			files = (
				DB307A6F1FC0CBF800B238CC /* stage.jpg in Resources */,
				DB19E3C31F144B0B0056307A /* LaunchScreen.storyboard in Resources */,
				DB19E3C01F144B0B0056307A /* Assets.xcassets in Resources */,
				DB307A6E1FC0CBF800B238CC /* close-button.png in Resources */,
				DB307A701FC0CBF800B238CC /* band7.jpg in Resources */,
			);
			runOnlyForDeploymentPostprocessing = 0;
		};
		DB19E3C71F144B0C0056307A /* Resources */ = {
			isa = PBXResourcesBuildPhase;
			buildActionMask = 2147483647;
			files = (
			);
			runOnlyForDeploymentPostprocessing = 0;
		};
		DB19E3D21F144B0C0056307A /* Resources */ = {
			isa = PBXResourcesBuildPhase;
			buildActionMask = 2147483647;
			files = (
			);
			runOnlyForDeploymentPostprocessing = 0;
		};
/* End PBXResourcesBuildPhase section */

/* Begin PBXShellScriptBuildPhase section */
		866E4823C32467E8EE41711F /* [CP] Check Pods Manifest.lock */ = {
			isa = PBXShellScriptBuildPhase;
			buildActionMask = 2147483647;
			files = (
			);
			inputPaths = (
			);
			name = "[CP] Check Pods Manifest.lock";
			outputPaths = (
			);
			runOnlyForDeploymentPostprocessing = 0;
			shellPath = /bin/sh;
			shellScript = "diff \"${PODS_ROOT}/../Podfile.lock\" \"${PODS_ROOT}/Manifest.lock\" > /dev/null\nif [[ $? != 0 ]] ; then\n    cat << EOM\nerror: The sandbox is not in sync with the Podfile.lock. Run 'pod install' or update your CocoaPods installation.\nEOM\n    exit 1\nfi\n";
			showEnvVarsInLog = 0;
		};
		8EE2327CFA86D4131871BBC1 /* [CP] Copy Pods Resources */ = {
			isa = PBXShellScriptBuildPhase;
			buildActionMask = 2147483647;
			files = (
			);
			inputPaths = (
			);
			name = "[CP] Copy Pods Resources";
			outputPaths = (
			);
			runOnlyForDeploymentPostprocessing = 0;
			shellPath = /bin/sh;
			shellScript = "\"${SRCROOT}/Pods/Target Support Files/Pods-ExampleViewController/Pods-ExampleViewController-resources.sh\"\n";
			showEnvVarsInLog = 0;
		};
		F0B506AC0794F42007EDAD98 /* [CP] Embed Pods Frameworks */ = {
			isa = PBXShellScriptBuildPhase;
			buildActionMask = 2147483647;
			files = (
			);
			inputPaths = (
			);
			name = "[CP] Embed Pods Frameworks";
			outputPaths = (
			);
			runOnlyForDeploymentPostprocessing = 0;
			shellPath = /bin/sh;
			shellScript = "\"${SRCROOT}/Pods/Target Support Files/Pods-ExampleViewController/Pods-ExampleViewController-frameworks.sh\"\n";
			showEnvVarsInLog = 0;
		};
/* End PBXShellScriptBuildPhase section */

/* Begin PBXSourcesBuildPhase section */
		DB19E3B11F144B0B0056307A /* Sources */ = {
			isa = PBXSourcesBuildPhase;
			buildActionMask = 2147483647;
			files = (
				DB19E3BB1F144B0B0056307A /* ViewController.swift in Sources */,
				DB19E3B91F144B0B0056307A /* AppDelegate.swift in Sources */,
				DB19E3E71F144B3E0056307A /* DetailVC.swift in Sources */,
			);
			runOnlyForDeploymentPostprocessing = 0;
		};
		DB19E3C51F144B0C0056307A /* Sources */ = {
			isa = PBXSourcesBuildPhase;
			buildActionMask = 2147483647;
			files = (
				DB19E3CE1F144B0C0056307A /* ExampleViewControllerTests.swift in Sources */,
			);
			runOnlyForDeploymentPostprocessing = 0;
		};
		DB19E3D01F144B0C0056307A /* Sources */ = {
			isa = PBXSourcesBuildPhase;
			buildActionMask = 2147483647;
			files = (
				DB19E3D91F144B0C0056307A /* ExampleViewControllerUITests.swift in Sources */,
			);
			runOnlyForDeploymentPostprocessing = 0;
		};
/* End PBXSourcesBuildPhase section */

/* Begin PBXTargetDependency section */
		DB19E3CB1F144B0C0056307A /* PBXTargetDependency */ = {
			isa = PBXTargetDependency;
			target = DB19E3B41F144B0B0056307A /* ExampleViewController */;
			targetProxy = DB19E3CA1F144B0C0056307A /* PBXContainerItemProxy */;
		};
		DB19E3D61F144B0C0056307A /* PBXTargetDependency */ = {
			isa = PBXTargetDependency;
			target = DB19E3B41F144B0B0056307A /* ExampleViewController */;
			targetProxy = DB19E3D51F144B0C0056307A /* PBXContainerItemProxy */;
		};
		DB307A611FC0B71E00B238CC /* PBXTargetDependency */ = {
			isa = PBXTargetDependency;
			name = StageTransition;
			targetProxy = DB307A601FC0B71E00B238CC /* PBXContainerItemProxy */;
		};
/* End PBXTargetDependency section */

/* Begin PBXVariantGroup section */
		DB19E3C11F144B0B0056307A /* LaunchScreen.storyboard */ = {
			isa = PBXVariantGroup;
			children = (
				DB19E3C21F144B0B0056307A /* Base */,
			);
			name = LaunchScreen.storyboard;
			sourceTree = "<group>";
		};
/* End PBXVariantGroup section */

/* Begin XCBuildConfiguration section */
		DB19E3DB1F144B0C0056307A /* Debug */ = {
			isa = XCBuildConfiguration;
			buildSettings = {
				ALWAYS_SEARCH_USER_PATHS = NO;
				CLANG_ANALYZER_NONNULL = YES;
				CLANG_ANALYZER_NUMBER_OBJECT_CONVERSION = YES_AGGRESSIVE;
				CLANG_CXX_LANGUAGE_STANDARD = "gnu++0x";
				CLANG_CXX_LIBRARY = "libc++";
				CLANG_ENABLE_MODULES = YES;
				CLANG_ENABLE_OBJC_ARC = YES;
				CLANG_WARN_BOOL_CONVERSION = YES;
				CLANG_WARN_CONSTANT_CONVERSION = YES;
				CLANG_WARN_DIRECT_OBJC_ISA_USAGE = YES_ERROR;
				CLANG_WARN_DOCUMENTATION_COMMENTS = YES;
				CLANG_WARN_EMPTY_BODY = YES;
				CLANG_WARN_ENUM_CONVERSION = YES;
				CLANG_WARN_INFINITE_RECURSION = YES;
				CLANG_WARN_INT_CONVERSION = YES;
				CLANG_WARN_OBJC_ROOT_CLASS = YES_ERROR;
				CLANG_WARN_SUSPICIOUS_MOVE = YES;
				CLANG_WARN_UNREACHABLE_CODE = YES;
				CLANG_WARN__DUPLICATE_METHOD_MATCH = YES;
				"CODE_SIGN_IDENTITY[sdk=iphoneos*]" = "iPhone Developer";
				COPY_PHASE_STRIP = NO;
				DEBUG_INFORMATION_FORMAT = dwarf;
				ENABLE_STRICT_OBJC_MSGSEND = YES;
				ENABLE_TESTABILITY = YES;
				GCC_C_LANGUAGE_STANDARD = gnu99;
				GCC_DYNAMIC_NO_PIC = NO;
				GCC_NO_COMMON_BLOCKS = YES;
				GCC_OPTIMIZATION_LEVEL = 0;
				GCC_PREPROCESSOR_DEFINITIONS = (
					"DEBUG=1",
					"$(inherited)",
				);
				GCC_WARN_64_TO_32_BIT_CONVERSION = YES;
				GCC_WARN_ABOUT_RETURN_TYPE = YES_ERROR;
				GCC_WARN_UNDECLARED_SELECTOR = YES;
				GCC_WARN_UNINITIALIZED_AUTOS = YES_AGGRESSIVE;
				GCC_WARN_UNUSED_FUNCTION = YES;
				GCC_WARN_UNUSED_VARIABLE = YES;
				IPHONEOS_DEPLOYMENT_TARGET = 10.3;
				MTL_ENABLE_DEBUG_INFO = YES;
				ONLY_ACTIVE_ARCH = YES;
				SDKROOT = iphoneos;
				SWIFT_ACTIVE_COMPILATION_CONDITIONS = DEBUG;
				SWIFT_OPTIMIZATION_LEVEL = "-Onone";
			};
			name = Debug;
		};
		DB19E3DC1F144B0C0056307A /* Release */ = {
			isa = XCBuildConfiguration;
			buildSettings = {
				ALWAYS_SEARCH_USER_PATHS = NO;
				CLANG_ANALYZER_NONNULL = YES;
				CLANG_ANALYZER_NUMBER_OBJECT_CONVERSION = YES_AGGRESSIVE;
				CLANG_CXX_LANGUAGE_STANDARD = "gnu++0x";
				CLANG_CXX_LIBRARY = "libc++";
				CLANG_ENABLE_MODULES = YES;
				CLANG_ENABLE_OBJC_ARC = YES;
				CLANG_WARN_BOOL_CONVERSION = YES;
				CLANG_WARN_CONSTANT_CONVERSION = YES;
				CLANG_WARN_DIRECT_OBJC_ISA_USAGE = YES_ERROR;
				CLANG_WARN_DOCUMENTATION_COMMENTS = YES;
				CLANG_WARN_EMPTY_BODY = YES;
				CLANG_WARN_ENUM_CONVERSION = YES;
				CLANG_WARN_INFINITE_RECURSION = YES;
				CLANG_WARN_INT_CONVERSION = YES;
				CLANG_WARN_OBJC_ROOT_CLASS = YES_ERROR;
				CLANG_WARN_SUSPICIOUS_MOVE = YES;
				CLANG_WARN_UNREACHABLE_CODE = YES;
				CLANG_WARN__DUPLICATE_METHOD_MATCH = YES;
				"CODE_SIGN_IDENTITY[sdk=iphoneos*]" = "iPhone Developer";
				COPY_PHASE_STRIP = NO;
				DEBUG_INFORMATION_FORMAT = "dwarf-with-dsym";
				ENABLE_NS_ASSERTIONS = NO;
				ENABLE_STRICT_OBJC_MSGSEND = YES;
				GCC_C_LANGUAGE_STANDARD = gnu99;
				GCC_NO_COMMON_BLOCKS = YES;
				GCC_WARN_64_TO_32_BIT_CONVERSION = YES;
				GCC_WARN_ABOUT_RETURN_TYPE = YES_ERROR;
				GCC_WARN_UNDECLARED_SELECTOR = YES;
				GCC_WARN_UNINITIALIZED_AUTOS = YES_AGGRESSIVE;
				GCC_WARN_UNUSED_FUNCTION = YES;
				GCC_WARN_UNUSED_VARIABLE = YES;
				IPHONEOS_DEPLOYMENT_TARGET = 10.3;
				MTL_ENABLE_DEBUG_INFO = NO;
				SDKROOT = iphoneos;
				SWIFT_OPTIMIZATION_LEVEL = "-Owholemodule";
				VALIDATE_PRODUCT = YES;
			};
			name = Release;
		};
		DB19E3DE1F144B0C0056307A /* Debug */ = {
			isa = XCBuildConfiguration;
			baseConfigurationReference = CF3AF95EAEF0854F2E943C6E /* Pods-ExampleViewController.debug.xcconfig */;
			buildSettings = {
				ALWAYS_EMBED_SWIFT_STANDARD_LIBRARIES = YES;
				ASSETCATALOG_COMPILER_APPICON_NAME = AppIcon;
				DEVELOPMENT_TEAM = T8F23BFN6Q;
				INFOPLIST_FILE = ExampleViewController/Info.plist;
				LD_RUNPATH_SEARCH_PATHS = "$(inherited) @executable_path/Frameworks";
				PRODUCT_BUNDLE_IDENTIFIER = twil.ExampleViewController;
				PRODUCT_NAME = "$(TARGET_NAME)";
				SWIFT_VERSION = 3.0;
			};
			name = Debug;
		};
		DB19E3DF1F144B0C0056307A /* Release */ = {
			isa = XCBuildConfiguration;
			baseConfigurationReference = ABC7D87AF722E30408AA7433 /* Pods-ExampleViewController.release.xcconfig */;
			buildSettings = {
				ALWAYS_EMBED_SWIFT_STANDARD_LIBRARIES = YES;
				ASSETCATALOG_COMPILER_APPICON_NAME = AppIcon;
				DEVELOPMENT_TEAM = T8F23BFN6Q;
				INFOPLIST_FILE = ExampleViewController/Info.plist;
				LD_RUNPATH_SEARCH_PATHS = "$(inherited) @executable_path/Frameworks";
				PRODUCT_BUNDLE_IDENTIFIER = twil.ExampleViewController;
				PRODUCT_NAME = "$(TARGET_NAME)";
				SWIFT_VERSION = 3.0;
			};
			name = Release;
		};
		DB19E3E11F144B0C0056307A /* Debug */ = {
			isa = XCBuildConfiguration;
			buildSettings = {
				ALWAYS_EMBED_SWIFT_STANDARD_LIBRARIES = YES;
				BUNDLE_LOADER = "$(TEST_HOST)";
				DEVELOPMENT_TEAM = T8F23BFN6Q;
				INFOPLIST_FILE = ExampleViewControllerTests/Info.plist;
				LD_RUNPATH_SEARCH_PATHS = "$(inherited) @executable_path/Frameworks @loader_path/Frameworks";
				PRODUCT_BUNDLE_IDENTIFIER = twil.ExampleViewControllerTests;
				PRODUCT_NAME = "$(TARGET_NAME)";
				SWIFT_VERSION = 3.0;
				TEST_HOST = "$(BUILT_PRODUCTS_DIR)/ExampleViewController.app/ExampleViewController";
			};
			name = Debug;
		};
		DB19E3E21F144B0C0056307A /* Release */ = {
			isa = XCBuildConfiguration;
			buildSettings = {
				ALWAYS_EMBED_SWIFT_STANDARD_LIBRARIES = YES;
				BUNDLE_LOADER = "$(TEST_HOST)";
				DEVELOPMENT_TEAM = T8F23BFN6Q;
				INFOPLIST_FILE = ExampleViewControllerTests/Info.plist;
				LD_RUNPATH_SEARCH_PATHS = "$(inherited) @executable_path/Frameworks @loader_path/Frameworks";
				PRODUCT_BUNDLE_IDENTIFIER = twil.ExampleViewControllerTests;
				PRODUCT_NAME = "$(TARGET_NAME)";
				SWIFT_VERSION = 3.0;
				TEST_HOST = "$(BUILT_PRODUCTS_DIR)/ExampleViewController.app/ExampleViewController";
			};
			name = Release;
		};
		DB19E3E41F144B0C0056307A /* Debug */ = {
			isa = XCBuildConfiguration;
			buildSettings = {
				ALWAYS_EMBED_SWIFT_STANDARD_LIBRARIES = YES;
				DEVELOPMENT_TEAM = T8F23BFN6Q;
				INFOPLIST_FILE = ExampleViewControllerUITests/Info.plist;
				LD_RUNPATH_SEARCH_PATHS = "$(inherited) @executable_path/Frameworks @loader_path/Frameworks";
				PRODUCT_BUNDLE_IDENTIFIER = twil.ExampleViewControllerUITests;
				PRODUCT_NAME = "$(TARGET_NAME)";
				SWIFT_VERSION = 3.0;
				TEST_TARGET_NAME = ExampleViewController;
			};
			name = Debug;
		};
		DB19E3E51F144B0C0056307A /* Release */ = {
			isa = XCBuildConfiguration;
			buildSettings = {
				ALWAYS_EMBED_SWIFT_STANDARD_LIBRARIES = YES;
				DEVELOPMENT_TEAM = T8F23BFN6Q;
				INFOPLIST_FILE = ExampleViewControllerUITests/Info.plist;
				LD_RUNPATH_SEARCH_PATHS = "$(inherited) @executable_path/Frameworks @loader_path/Frameworks";
				PRODUCT_BUNDLE_IDENTIFIER = twil.ExampleViewControllerUITests;
				PRODUCT_NAME = "$(TARGET_NAME)";
				SWIFT_VERSION = 3.0;
				TEST_TARGET_NAME = ExampleViewController;
			};
			name = Release;
		};
/* End XCBuildConfiguration section */

/* Begin XCConfigurationList section */
		DB19E3B01F144B0B0056307A /* Build configuration list for PBXProject "ExampleViewController" */ = {
			isa = XCConfigurationList;
			buildConfigurations = (
				DB19E3DB1F144B0C0056307A /* Debug */,
				DB19E3DC1F144B0C0056307A /* Release */,
			);
			defaultConfigurationIsVisible = 0;
			defaultConfigurationName = Release;
		};
		DB19E3DD1F144B0C0056307A /* Build configuration list for PBXNativeTarget "ExampleViewController" */ = {
			isa = XCConfigurationList;
			buildConfigurations = (
				DB19E3DE1F144B0C0056307A /* Debug */,
				DB19E3DF1F144B0C0056307A /* Release */,
			);
			defaultConfigurationIsVisible = 0;
			defaultConfigurationName = Release;
		};
		DB19E3E01F144B0C0056307A /* Build configuration list for PBXNativeTarget "ExampleViewControllerTests" */ = {
			isa = XCConfigurationList;
			buildConfigurations = (
				DB19E3E11F144B0C0056307A /* Debug */,
				DB19E3E21F144B0C0056307A /* Release */,
			);
			defaultConfigurationIsVisible = 0;
			defaultConfigurationName = Release;
		};
		DB19E3E31F144B0C0056307A /* Build configuration list for PBXNativeTarget "ExampleViewControllerUITests" */ = {
			isa = XCConfigurationList;
			buildConfigurations = (
				DB19E3E41F144B0C0056307A /* Debug */,
				DB19E3E51F144B0C0056307A /* Release */,
			);
			defaultConfigurationIsVisible = 0;
			defaultConfigurationName = Release;
		};
/* End XCConfigurationList section */
	};
	rootObject = DB19E3AD1F144B0B0056307A /* Project object */;
}
